
Microsoft Visual Studio Solution File, Format Version 12.00
# Visual Studio Version 17
VisualStudioVersion = 17.4.33122.133
MinimumVisualStudioVersion = 10.0.40219.1
Project("{9A19103F-16F7-4668-BE54-9A1E7A4F7556}") = "MyProEventosBack.API", "MyProEventosBack.API.csproj", "{DC43047D-CBB9-404B-9D5A-565B1C3065CE}"
EndProject
Global
	GlobalSection(SolutionConfigurationPlatforms) = preSolution
		Debug|Any CPU = Debug|Any CPU
		Release|Any CPU = Release|Any CPU
	EndGlobalSection
	GlobalSection(ProjectConfigurationPlatforms) = postSolution
		{DC43047D-CBB9-404B-9D5A-565B1C3065CE}.Debug|Any CPU.ActiveCfg = Debug|Any CPU
		{DC43047D-CBB9-404B-9D5A-565B1C3065CE}.Debug|Any CPU.Build.0 = Debug|Any CPU
		{DC43047D-CBB9-404B-9D5A-565B1C3065CE}.Release|Any CPU.ActiveCfg = Release|Any CPU
		{DC43047D-CBB9-404B-9D5A-565B1C3065CE}.Release|Any CPU.Build.0 = Release|Any CPU
	EndGlobalSection
	GlobalSection(SolutionProperties) = preSolution
		HideSolutionNode = FALSE
	EndGlobalSection
	GlobalSection(ExtensibilityGlobals) = postSolution
		SolutionGuid = {72D23DA2-2AA2-42CF-A407-C3E888000F8A}
	EndGlobalSection
EndGlobal
